// !$*UTF8*$!
{
	archiveVersion = 1;
	classes = {
	};
	objectVersion = 55;
	objects = {

/* Begin PBXBuildFile section */
		1CAC75399827B8A198FF7F9C /* Pods_ExPageControl.framework in Frameworks */ = {isa = PBXBuildFile; fileRef = 17EC736FE1B2938500888242 /* Pods_ExPageControl.framework */; };
		C645277C27DB3C2F00207C78 /* AppDelegate.swift in Sources */ = {isa = PBXBuildFile; fileRef = C645277B27DB3C2F00207C78 /* AppDelegate.swift */; };
		C645277E27DB3C2F00207C78 /* SceneDelegate.swift in Sources */ = {isa = PBXBuildFile; fileRef = C645277D27DB3C2F00207C78 /* SceneDelegate.swift */; };
		C645278027DB3C2F00207C78 /* ViewController.swift in Sources */ = {isa = PBXBuildFile; fileRef = C645277F27DB3C2F00207C78 /* ViewController.swift */; };
		C645278327DB3C2F00207C78 /* Main.storyboard in Resources */ = {isa = PBXBuildFile; fileRef = C645278127DB3C2F00207C78 /* Main.storyboard */; };
		C645278527DB3C3100207C78 /* Assets.xcassets in Resources */ = {isa = PBXBuildFile; fileRef = C645278427DB3C3100207C78 /* Assets.xcassets */; };
		C645278827DB3C3100207C78 /* LaunchScreen.storyboard in Resources */ = {isa = PBXBuildFile; fileRef = C645278627DB3C3100207C78 /* LaunchScreen.storyboard */; };
/* End PBXBuildFile section */

/* Begin PBXFileReference section */
		17EC736FE1B2938500888242 /* Pods_ExPageControl.framework */ = {isa = PBXFileReference; explicitFileType = wrapper.framework; includeInIndex = 0; path = Pods_ExPageControl.framework; sourceTree = BUILT_PRODUCTS_DIR; };
		295524437DB76A3DD4D36076 /* Pods-ExPageControl.release.xcconfig */ = {isa = PBXFileReference; includeInIndex = 1; lastKnownFileType = text.xcconfig; name = "Pods-ExPageControl.release.xcconfig"; path = "Target Support Files/Pods-ExPageControl/Pods-ExPageControl.release.xcconfig"; sourceTree = "<group>"; };
		793BA33909F8C4F13B1E01A7 /* Pods-ExPageControl.debug.xcconfig */ = {isa = PBXFileReference; includeInIndex = 1; lastKnownFileType = text.xcconfig; name = "Pods-ExPageControl.debug.xcconfig"; path = "Target Support Files/Pods-ExPageControl/Pods-ExPageControl.debug.xcconfig"; sourceTree = "<group>"; };
		C645277827DB3C2F00207C78 /* ExPageControl.app */ = {isa = PBXFileReference; explicitFileType = wrapper.application; includeInIndex = 0; path = ExPageControl.app; sourceTree = BUILT_PRODUCTS_DIR; };
		C645277B27DB3C2F00207C78 /* AppDelegate.swift */ = {isa = PBXFileReference; lastKnownFileType = sourcecode.swift; path = AppDelegate.swift; sourceTree = "<group>"; };
		C645277D27DB3C2F00207C78 /* SceneDelegate.swift */ = {isa = PBXFileReference; lastKnownFileType = sourcecode.swift; path = SceneDelegate.swift; sourceTree = "<group>"; };
		C645277F27DB3C2F00207C78 /* ViewController.swift */ = {isa = PBXFileReference; lastKnownFileType = sourcecode.swift; path = ViewController.swift; sourceTree = "<group>"; };
		C645278227DB3C2F00207C78 /* Base */ = {isa = PBXFileReference; lastKnownFileType = file.storyboard; name = Base; path = Base.lproj/Main.storyboard; sourceTree = "<group>"; };
		C645278427DB3C3100207C78 /* Assets.xcassets */ = {isa = PBXFileReference; lastKnownFileType = folder.assetcatalog; path = Assets.xcassets; sourceTree = "<group>"; };
		C645278727DB3C3100207C78 /* Base */ = {isa = PBXFileReference; lastKnownFileType = file.storyboard; name = Base; path = Base.lproj/LaunchScreen.storyboard; sourceTree = "<group>"; };
		C645278927DB3C3100207C78 /* Info.plist */ = {isa = PBXFileReference; lastKnownFileType = text.plist.xml; path = Info.plist; sourceTree = "<group>"; };
/* End PBXFileReference section */

/* Begin PBXFrameworksBuildPhase section */
		C645277527DB3C2F00207C78 /* Frameworks */ = {
			isa = PBXFrameworksBuildPhase;
			buildActionMask = 2147483647;
			files = (
				1CAC75399827B8A198FF7F9C /* Pods_ExPageControl.framework in Frameworks */,
			);
			runOnlyForDeploymentPostprocessing = 0;
		};
/* End PBXFrameworksBuildPhase section */

/* Begin PBXGroup section */
		C645276F27DB3C2F00207C78 = {
			isa = PBXGroup;
			children = (
				C645277A27DB3C2F00207C78 /* ExPageControl */,
				C645277927DB3C2F00207C78 /* Products */,
				CD016B973C3489D93007A91A /* Pods */,
				F4A69FC43958BD5B16B12B6B /* Frameworks */,
			);
			sourceTree = "<group>";
		};
		C645277927DB3C2F00207C78 /* Products */ = {
			isa = PBXGroup;
			children = (
				C645277827DB3C2F00207C78 /* ExPageControl.app */,
			);
			name = Products;
			sourceTree = "<group>";
		};
		C645277A27DB3C2F00207C78 /* ExPageControl */ = {
			isa = PBXGroup;
			children = (
				C645277B27DB3C2F00207C78 /* AppDelegate.swift */,
				C645277D27DB3C2F00207C78 /* SceneDelegate.swift */,
				C645277F27DB3C2F00207C78 /* ViewController.swift */,
				C645278127DB3C2F00207C78 /* Main.storyboard */,
				C645278427DB3C3100207C78 /* Assets.xcassets */,
				C645278627DB3C3100207C78 /* LaunchScreen.storyboard */,
				C645278927DB3C3100207C78 /* Info.plist */,
			);
			path = ExPageControl;
			sourceTree = "<group>";
		};
		CD016B973C3489D93007A91A /* Pods */ = {
			isa = PBXGroup;
			children = (
				793BA33909F8C4F13B1E01A7 /* Pods-ExPageControl.debug.xcconfig */,
				295524437DB76A3DD4D36076 /* Pods-ExPageControl.release.xcconfig */,
			);
			name = Pods;
			path = Pods;
			sourceTree = "<group>";
		};
		F4A69FC43958BD5B16B12B6B /* Frameworks */ = {
			isa = PBXGroup;
			children = (
				17EC736FE1B2938500888242 /* Pods_ExPageControl.framework */,
			);
			name = Frameworks;
			sourceTree = "<group>";
		};
/* End PBXGroup section */

/* Begin PBXNativeTarget section */
		C645277727DB3C2F00207C78 /* ExPageControl */ = {
			isa = PBXNativeTarget;
			buildConfigurationList = C645278C27DB3C3100207C78 /* Build configuration list for PBXNativeTarget "ExPageControl" */;
			buildPhases = (
				2DA9F6E8466CE3D328738540 /* [CP] Check Pods Manifest.lock */,
				C645277427DB3C2F00207C78 /* Sources */,
				C645277527DB3C2F00207C78 /* Frameworks */,
				C645277627DB3C2F00207C78 /* Resources */,
				8C1209A2DADC43EC0AA14291 /* [CP] Embed Pods Frameworks */,
			);
			buildRules = (
			);
			dependencies = (
			);
			name = ExPageControl;
			productName = ExPageControl;
			productReference = C645277827DB3C2F00207C78 /* ExPageControl.app */;
			productType = "com.apple.product-type.application";
		};
/* End PBXNativeTarget section */

/* Begin PBXProject section */
		C645277027DB3C2F00207C78 /* Project object */ = {
			isa = PBXProject;
			attributes = {
				BuildIndependentTargetsInParallel = 1;
				LastSwiftUpdateCheck = 1320;
				LastUpgradeCheck = 1320;
				TargetAttributes = {
					C645277727DB3C2F00207C78 = {
						CreatedOnToolsVersion = 13.2;
					};
				};
			};
			buildConfigurationList = C645277327DB3C2F00207C78 /* Build configuration list for PBXProject "ExPageControl" */;
			compatibilityVersion = "Xcode 13.0";
			developmentRegion = en;
			hasScannedForEncodings = 0;
			knownRegions = (
				en,
				Base,
			);
			mainGroup = C645276F27DB3C2F00207C78;
			productRefGroup = C645277927DB3C2F00207C78 /* Products */;
			projectDirPath = "";
			projectRoot = "";
			targets = (
				C645277727DB3C2F00207C78 /* ExPageControl */,
			);
		};
/* End PBXProject section */

/* Begin PBXResourcesBuildPhase section */
		C645277627DB3C2F00207C78 /* Resources */ = {
			isa = PBXResourcesBuildPhase;
			buildActionMask = 2147483647;
			files = (
				C645278827DB3C3100207C78 /* LaunchScreen.storyboard in Resources */,
				C645278527DB3C3100207C78 /* Assets.xcassets in Resources */,
				C645278327DB3C2F00207C78 /* Main.storyboard in Resources */,
			);
			runOnlyForDeploymentPostprocessing = 0;
		};
/* End PBXResourcesBuildPhase section */

/* Begin PBXShellScriptBuildPhase section */
		2DA9F6E8466CE3D328738540 /* [CP] Check Pods Manifest.lock */ = {
			isa = PBXShellScriptBuildPhase;
			buildActionMask = 2147483647;
			files = (
			);
			inputFileListPaths = (
			);
			inputPaths = (
				"${PODS_PODFILE_DIR_PATH}/Podfile.lock",
				"${PODS_ROOT}/Manifest.lock",
			);
			name = "[CP] Check Pods Manifest.lock";
			outputFileListPaths = (
			);
			outputPaths = (
				"$(DERIVED_FILE_DIR)/Pods-ExPageControl-checkManifestLockResult.txt",
			);
			runOnlyForDeploymentPostprocessing = 0;
			shellPath = /bin/sh;
			shellScript = "diff \"${PODS_PODFILE_DIR_PATH}/Podfile.lock\" \"${PODS_ROOT}/Manifest.lock\" > /dev/null\nif [ $? != 0 ] ; then\n    # print error to STDERR\n    echo \"error: The sandbox is not in sync with the Podfile.lock. Run 'pod install' or update your CocoaPods installation.\" >&2\n    exit 1\nfi\n# This output is used by Xcode 'outputs' to avoid re-running this script phase.\necho \"SUCCESS\" > \"${SCRIPT_OUTPUT_FILE_0}\"\n";
			showEnvVarsInLog = 0;
		};
		8C1209A2DADC43EC0AA14291 /* [CP] Embed Pods Frameworks */ = {
			isa = PBXShellScriptBuildPhase;
			buildActionMask = 2147483647;
			files = (
			);
			inputFileListPaths = (
				"${PODS_ROOT}/Target Support Files/Pods-ExPageControl/Pods-ExPageControl-frameworks-${CONFIGURATION}-input-files.xcfilelist",
			);
			name = "[CP] Embed Pods Frameworks";
			outputFileListPaths = (
				"${PODS_ROOT}/Target Support Files/Pods-ExPageControl/Pods-ExPageControl-frameworks-${CONFIGURATION}-output-files.xcfilelist",
			);
			runOnlyForDeploymentPostprocessing = 0;
			shellPath = /bin/sh;
			shellScript = "\"${PODS_ROOT}/Target Support Files/Pods-ExPageControl/Pods-ExPageControl-frameworks.sh\"\n";
			showEnvVarsInLog = 0;
		};
/* End PBXShellScriptBuildPhase section */

/* Begin PBXSourcesBuildPhase section */
		C645277427DB3C2F00207C78 /* Sources */ = {
			isa = PBXSourcesBuildPhase;
			buildActionMask = 2147483647;
			files = (
				C645278027DB3C2F00207C78 /* ViewController.swift in Sources */,
				C645277C27DB3C2F00207C78 /* AppDelegate.swift in Sources */,
				C645277E27DB3C2F00207C78 /* SceneDelegate.swift in Sources */,
			);
			runOnlyForDeploymentPostprocessing = 0;
		};
/* End PBXSourcesBuildPhase section */

/* Begin PBXVariantGroup section */
		C645278127DB3C2F00207C78 /* Main.storyboard */ = {
			isa = PBXVariantGroup;
			children = (
				C645278227DB3C2F00207C78 /* Base */,
			);
			name = Main.storyboard;
			sourceTree = "<group>";
		};
		C645278627DB3C3100207C78 /* LaunchScreen.storyboard */ = {
			isa = PBXVariantGroup;
			children = (
				C645278727DB3C3100207C78 /* Base */,
			);
			name = LaunchScreen.storyboard;
			sourceTree = "<group>";
		};
/* End PBXVariantGroup section */

/* Begin XCBuildConfiguration section */
		C645278A27DB3C3100207C78 /* Debug */ = {
			isa = XCBuildConfiguration;
			buildSettings = {
				ALWAYS_SEARCH_USER_PATHS = NO;
				CLANG_ANALYZER_NONNULL = YES;
				CLANG_ANALYZER_NUMBER_OBJECT_CONVERSION = YES_AGGRESSIVE;
				CLANG_CXX_LANGUAGE_STANDARD = "gnu++17";
				CLANG_CXX_LIBRARY = "libc++";
				CLANG_ENABLE_MODULES = YES;
				CLANG_ENABLE_OBJC_ARC = YES;
				CLANG_ENABLE_OBJC_WEAK = YES;
				CLANG_WARN_BLOCK_CAPTURE_AUTORELEASING = YES;
				CLANG_WARN_BOOL_CONVERSION = YES;
				CLANG_WARN_COMMA = YES;
				CLANG_WARN_CONSTANT_CONVERSION = YES;
				CLANG_WARN_DEPRECATED_OBJC_IMPLEMENTATIONS = YES;
				CLANG_WARN_DIRECT_OBJC_ISA_USAGE = YES_ERROR;
				CLANG_WARN_DOCUMENTATION_COMMENTS = YES;
				CLANG_WARN_EMPTY_BODY = YES;
				CLANG_WARN_ENUM_CONVERSION = YES;
				CLANG_WARN_INFINITE_RECURSION = YES;
				CLANG_WARN_INT_CONVERSION = YES;
				CLANG_WARN_NON_LITERAL_NULL_CONVERSION = YES;
				CLANG_WARN_OBJC_IMPLICIT_RETAIN_SELF = YES;
				CLANG_WARN_OBJC_LITERAL_CONVERSION = YES;
				CLANG_WARN_OBJC_ROOT_CLASS = YES_ERROR;
				CLANG_WARN_QUOTED_INCLUDE_IN_FRAMEWORK_HEADER = YES;
				CLANG_WARN_RANGE_LOOP_ANALYSIS = YES;
				CLANG_WARN_STRICT_PROTOTYPES = YES;
				CLANG_WARN_SUSPICIOUS_MOVE = YES;
				CLANG_WARN_UNGUARDED_AVAILABILITY = YES_AGGRESSIVE;
				CLANG_WARN_UNREACHABLE_CODE = YES;
				CLANG_WARN__DUPLICATE_METHOD_MATCH = YES;
				COPY_PHASE_STRIP = NO;
				DEBUG_INFORMATION_FORMAT = dwarf;
				ENABLE_STRICT_OBJC_MSGSEND = YES;
				ENABLE_TESTABILITY = YES;
				GCC_C_LANGUAGE_STANDARD = gnu11;
				GCC_DYNAMIC_NO_PIC = NO;
				GCC_NO_COMMON_BLOCKS = YES;
				GCC_OPTIMIZATION_LEVEL = 0;
				GCC_PREPROCESSOR_DEFINITIONS = (
					"DEBUG=1",
					"$(inherited)",
				);
				GCC_WARN_64_TO_32_BIT_CONVERSION = YES;
				GCC_WARN_ABOUT_RETURN_TYPE = YES_ERROR;
				GCC_WARN_UNDECLARED_SELECTOR = YES;
				GCC_WARN_UNINITIALIZED_AUTOS = YES_AGGRESSIVE;
				GCC_WARN_UNUSED_FUNCTION = YES;
				GCC_WARN_UNUSED_VARIABLE = YES;
				IPHONEOS_DEPLOYMENT_TARGET = 15.2;
				MTL_ENABLE_DEBUG_INFO = INCLUDE_SOURCE;
				MTL_FAST_MATH = YES;
				ONLY_ACTIVE_ARCH = YES;
				SDKROOT = iphoneos;
				SWIFT_ACTIVE_COMPILATION_CONDITIONS = DEBUG;
				SWIFT_OPTIMIZATION_LEVEL = "-Onone";
			};
			name = Debug;
		};
		C645278B27DB3C3100207C78 /* Release */ = {
			isa = XCBuildConfiguration;
			buildSettings = {
				ALWAYS_SEARCH_USER_PATHS = NO;
				CLANG_ANALYZER_NONNULL = YES;
				CLANG_ANALYZER_NUMBER_OBJECT_CONVERSION = YES_AGGRESSIVE;
				CLANG_CXX_LANGUAGE_STANDARD = "gnu++17";
				CLANG_CXX_LIBRARY = "libc++";
				CLANG_ENABLE_MODULES = YES;
				CLANG_ENABLE_OBJC_ARC = YES;
				CLANG_ENABLE_OBJC_WEAK = YES;
				CLANG_WARN_BLOCK_CAPTURE_AUTORELEASING = YES;
				CLANG_WARN_BOOL_CONVERSION = YES;
				CLANG_WARN_COMMA = YES;
				CLANG_WARN_CONSTANT_CONVERSION = YES;
				CLANG_WARN_DEPRECATED_OBJC_IMPLEMENTATIONS = YES;
				CLANG_WARN_DIRECT_OBJC_ISA_USAGE = YES_ERROR;
				CLANG_WARN_DOCUMENTATION_COMMENTS = YES;
				CLANG_WARN_EMPTY_BODY = YES;
				CLANG_WARN_ENUM_CONVERSION = YES;
				CLANG_WARN_INFINITE_RECURSION = YES;
				CLANG_WARN_INT_CONVERSION = YES;
				CLANG_WARN_NON_LITERAL_NULL_CONVERSION = YES;
				CLANG_WARN_OBJC_IMPLICIT_RETAIN_SELF = YES;
				CLANG_WARN_OBJC_LITERAL_CONVERSION = YES;
				CLANG_WARN_OBJC_ROOT_CLASS = YES_ERROR;
				CLANG_WARN_QUOTED_INCLUDE_IN_FRAMEWORK_HEADER = YES;
				CLANG_WARN_RANGE_LOOP_ANALYSIS = YES;
				CLANG_WARN_STRICT_PROTOTYPES = YES;
				CLANG_WARN_SUSPICIOUS_MOVE = YES;
				CLANG_WARN_UNGUARDED_AVAILABILITY = YES_AGGRESSIVE;
				CLANG_WARN_UNREACHABLE_CODE = YES;
				CLANG_WARN__DUPLICATE_METHOD_MATCH = YES;
				COPY_PHASE_STRIP = NO;
				DEBUG_INFORMATION_FORMAT = "dwarf-with-dsym";
				ENABLE_NS_ASSERTIONS = NO;
				ENABLE_STRICT_OBJC_MSGSEND = YES;
				GCC_C_LANGUAGE_STANDARD = gnu11;
				GCC_NO_COMMON_BLOCKS = YES;
				GCC_WARN_64_TO_32_BIT_CONVERSION = YES;
				GCC_WARN_ABOUT_RETURN_TYPE = YES_ERROR;
				GCC_WARN_UNDECLARED_SELECTOR = YES;
				GCC_WARN_UNINITIALIZED_AUTOS = YES_AGGRESSIVE;
				GCC_WARN_UNUSED_FUNCTION = YES;
				GCC_WARN_UNUSED_VARIABLE = YES;
				IPHONEOS_DEPLOYMENT_TARGET = 15.2;
				MTL_ENABLE_DEBUG_INFO = NO;
				MTL_FAST_MATH = YES;
				SDKROOT = iphoneos;
				SWIFT_COMPILATION_MODE = wholemodule;
				SWIFT_OPTIMIZATION_LEVEL = "-O";
				VALIDATE_PRODUCT = YES;
			};
			name = Release;
		};
		C645278D27DB3C3100207C78 /* Debug */ = {
			isa = XCBuildConfiguration;
			baseConfigurationReference = 793BA33909F8C4F13B1E01A7 /* Pods-ExPageControl.debug.xcconfig */;
			buildSettings = {
				ASSETCATALOG_COMPILER_APPICON_NAME = AppIcon;
				ASSETCATALOG_COMPILER_GLOBAL_ACCENT_COLOR_NAME = AccentColor;
				CODE_SIGN_STYLE = Automatic;
				CURRENT_PROJECT_VERSION = 1;
				DEVELOPMENT_TEAM = V99UMBT63A;
				GENERATE_INFOPLIST_FILE = YES;
				INFOPLIST_FILE = ExPageControl/Info.plist;
				INFOPLIST_KEY_UIApplicationSupportsIndirectInputEvents = YES;
				INFOPLIST_KEY_UILaunchStoryboardName = LaunchScreen;
				INFOPLIST_KEY_UIMainStoryboardFile = Main;
				INFOPLIST_KEY_UISupportedInterfaceOrientations_iPad = "UIInterfaceOrientationPortrait UIInterfaceOrientationPortraitUpsideDown UIInterfaceOrientationLandscapeLeft UIInterfaceOrientationLandscapeRight";
				INFOPLIST_KEY_UISupportedInterfaceOrientations_iPhone = "UIInterfaceOrientationPortrait UIInterfaceOrientationLandscapeLeft UIInterfaceOrientationLandscapeRight";
				LD_RUNPATH_SEARCH_PATHS = (
					"$(inherited)",
					"@executable_path/Frameworks",
				);
				MARKETING_VERSION = 1.0;
				PRODUCT_BUNDLE_IDENTIFIER = com.ExPageControl;
				PRODUCT_NAME = "$(TARGET_NAME)";
				SWIFT_EMIT_LOC_STRINGS = YES;
				SWIFT_VERSION = 5.0;
				TARGETED_DEVICE_FAMILY = "1,2";
			};
			name = Debug;
		};
		C645278E27DB3C3100207C78 /* Release */ = {
			isa = XCBuildConfiguration;
			baseConfigurationReference = 295524437DB76A3DD4D36076 /* Pods-ExPageControl.release.xcconfig */;
			buildSettings = {
				ASSETCATALOG_COMPILER_APPICON_NAME = AppIcon;
				ASSETCATALOG_COMPILER_GLOBAL_ACCENT_COLOR_NAME = AccentColor;
				CODE_SIGN_STYLE = Automatic;
				CURRENT_PROJECT_VERSION = 1;
				DEVELOPMENT_TEAM = V99UMBT63A;
				GENERATE_INFOPLIST_FILE = YES;
				INFOPLIST_FILE = ExPageControl/Info.plist;
				INFOPLIST_KEY_UIApplicationSupportsIndirectInputEvents = YES;
				INFOPLIST_KEY_UILaunchStoryboardName = LaunchScreen;
				INFOPLIST_KEY_UIMainStoryboardFile = Main;
				INFOPLIST_KEY_UISupportedInterfaceOrientations_iPad = "UIInterfaceOrientationPortrait UIInterfaceOrientationPortraitUpsideDown UIInterfaceOrientationLandscapeLeft UIInterfaceOrientationLandscapeRight";
				INFOPLIST_KEY_UISupportedInterfaceOrientations_iPhone = "UIInterfaceOrientationPortrait UIInterfaceOrientationLandscapeLeft UIInterfaceOrientationLandscapeRight";
				LD_RUNPATH_SEARCH_PATHS = (
					"$(inherited)",
					"@executable_path/Frameworks",
				);
				MARKETING_VERSION = 1.0;
				PRODUCT_BUNDLE_IDENTIFIER = com.ExPageControl;
				PRODUCT_NAME = "$(TARGET_NAME)";
				SWIFT_EMIT_LOC_STRINGS = YES;
				SWIFT_VERSION = 5.0;
				TARGETED_DEVICE_FAMILY = "1,2";
			};
			name = Release;
		};
/* End XCBuildConfiguration section */

/* Begin XCConfigurationList section */
		C645277327DB3C2F00207C78 /* Build configuration list for PBXProject "ExPageControl" */ = {
			isa = XCConfigurationList;
			buildConfigurations = (
				C645278A27DB3C3100207C78 /* Debug */,
				C645278B27DB3C3100207C78 /* Release */,
			);
			defaultConfigurationIsVisible = 0;
			defaultConfigurationName = Release;
		};
		C645278C27DB3C3100207C78 /* Build configuration list for PBXNativeTarget "ExPageControl" */ = {
			isa = XCConfigurationList;
			buildConfigurations = (
				C645278D27DB3C3100207C78 /* Debug */,
				C645278E27DB3C3100207C78 /* Release */,
			);
			defaultConfigurationIsVisible = 0;
			defaultConfigurationName = Release;
		};
/* End XCConfigurationList section */
	};
	rootObject = C645277027DB3C2F00207C78 /* Project object */;
}
